
Microsoft Visual Studio Solution File, Format Version 12.00
# Visual Studio 14
VisualStudioVersion = 14.0.25420.1
MinimumVisualStudioVersion = 10.0.40219.1
Project("{FAE04EC0-301F-11D3-BF4B-00C04F79EFBC}") = "XFApp.Droid", "XFApp\XFApp.Droid\XFApp.Droid.csproj", "{F2F1A819-8943-4206-928A-DB28948EED08}"
EndProject
Project("{FAE04EC0-301F-11D3-BF4B-00C04F79EFBC}") = "XFApp.iOS", "XFApp\XFApp.iOS\XFApp.iOS.csproj", "{47D35DAB-A6C7-4CD9-B74E-6D4D7CE26CAE}"
EndProject
Project("{FAE04EC0-301F-11D3-BF4B-00C04F79EFBC}") = "XFApp.WinPhone", "XFApp\XFApp.WinPhone\XFApp.WinPhone.csproj", "{F5CE9801-9CBC-45A1-86C9-C1068059BB5E}"
EndProject
Project("{FAE04EC0-301F-11D3-BF4B-00C04F79EFBC}") = "XFApp.UWP", "XFApp\XFApp.UWP\XFApp.UWP.csproj", "{5D35BB38-96D6-4BCC-AE7D-B56D5BA2CFE5}"
EndProject
Project("{FAE04EC0-301F-11D3-BF4B-00C04F79EFBC}") = "XFApp.Windows", "XFApp\XFApp.Windows\XFApp.Windows.csproj", "{7AD18E4D-BC98-4411-B8C0-CEDA266C3B3C}"
EndProject
Project("{D954291E-2A0B-460D-934E-DC6B0785DB48}") = "XFApp", "XFApp\XFApp\XFApp.shproj", "{4322957A-E69C-4537-BF2D-9A3A93BB227F}"
EndProject
Global
	GlobalSection(SharedMSBuildProjectFiles) = preSolution
		XFApp\XFApp\XFApp.projitems*{4322957a-e69c-4537-bf2d-9a3a93bb227f}*SharedItemsImports = 13
	EndGlobalSection
	GlobalSection(SolutionConfigurationPlatforms) = preSolution
		Ad-Hoc|Any CPU = Ad-Hoc|Any CPU
		Ad-Hoc|ARM = Ad-Hoc|ARM
		Ad-Hoc|iPhone = Ad-Hoc|iPhone
		Ad-Hoc|iPhoneSimulator = Ad-Hoc|iPhoneSimulator
		Ad-Hoc|x64 = Ad-Hoc|x64
		Ad-Hoc|x86 = Ad-Hoc|x86
		AppStore|Any CPU = AppStore|Any CPU
		AppStore|ARM = AppStore|ARM
		AppStore|iPhone = AppStore|iPhone
		AppStore|iPhoneSimulator = AppStore|iPhoneSimulator
		AppStore|x64 = AppStore|x64
		AppStore|x86 = AppStore|x86
		Debug|Any CPU = Debug|Any CPU
		Debug|ARM = Debug|ARM
		Debug|iPhone = Debug|iPhone
		Debug|iPhoneSimulator = Debug|iPhoneSimulator
		Debug|x64 = Debug|x64
		Debug|x86 = Debug|x86
		Release|Any CPU = Release|Any CPU
		Release|ARM = Release|ARM
		Release|iPhone = Release|iPhone
		Release|iPhoneSimulator = Release|iPhoneSimulator
		Release|x64 = Release|x64
		Release|x86 = Release|x86
	EndGlobalSection
	GlobalSection(ProjectConfigurationPlatforms) = postSolution
		{F2F1A819-8943-4206-928A-DB28948EED08}.Ad-Hoc|Any CPU.ActiveCfg = Release|Any CPU
		{F2F1A819-8943-4206-928A-DB28948EED08}.Ad-Hoc|Any CPU.Build.0 = Release|Any CPU
		{F2F1A819-8943-4206-928A-DB28948EED08}.Ad-Hoc|Any CPU.Deploy.0 = Release|Any CPU
		{F2F1A819-8943-4206-928A-DB28948EED08}.Ad-Hoc|ARM.ActiveCfg = Release|Any CPU
		{F2F1A819-8943-4206-928A-DB28948EED08}.Ad-Hoc|ARM.Build.0 = Release|Any CPU
		{F2F1A819-8943-4206-928A-DB28948EED08}.Ad-Hoc|ARM.Deploy.0 = Release|Any CPU
		{F2F1A819-8943-4206-928A-DB28948EED08}.Ad-Hoc|iPhone.ActiveCfg = Release|Any CPU
		{F2F1A819-8943-4206-928A-DB28948EED08}.Ad-Hoc|iPhone.Build.0 = Release|Any CPU
		{F2F1A819-8943-4206-928A-DB28948EED08}.Ad-Hoc|iPhone.Deploy.0 = Release|Any CPU
		{F2F1A819-8943-4206-928A-DB28948EED08}.Ad-Hoc|iPhoneSimulator.ActiveCfg = Release|Any CPU
		{F2F1A819-8943-4206-928A-DB28948EED08}.Ad-Hoc|iPhoneSimulator.Build.0 = Release|Any CPU
		{F2F1A819-8943-4206-928A-DB28948EED08}.Ad-Hoc|iPhoneSimulator.Deploy.0 = Release|Any CPU
		{F2F1A819-8943-4206-928A-DB28948EED08}.Ad-Hoc|x64.ActiveCfg = Release|Any CPU
		{F2F1A819-8943-4206-928A-DB28948EED08}.Ad-Hoc|x64.Build.0 = Release|Any CPU
		{F2F1A819-8943-4206-928A-DB28948EED08}.Ad-Hoc|x64.Deploy.0 = Release|Any CPU
		{F2F1A819-8943-4206-928A-DB28948EED08}.Ad-Hoc|x86.ActiveCfg = Release|Any CPU
		{F2F1A819-8943-4206-928A-DB28948EED08}.Ad-Hoc|x86.Build.0 = Release|Any CPU
		{F2F1A819-8943-4206-928A-DB28948EED08}.Ad-Hoc|x86.Deploy.0 = Release|Any CPU
		{F2F1A819-8943-4206-928A-DB28948EED08}.AppStore|Any CPU.ActiveCfg = Release|Any CPU
		{F2F1A819-8943-4206-928A-DB28948EED08}.AppStore|Any CPU.Build.0 = Release|Any CPU
		{F2F1A819-8943-4206-928A-DB28948EED08}.AppStore|Any CPU.Deploy.0 = Release|Any CPU
		{F2F1A819-8943-4206-928A-DB28948EED08}.AppStore|ARM.ActiveCfg = Release|Any CPU
		{F2F1A819-8943-4206-928A-DB28948EED08}.AppStore|ARM.Build.0 = Release|Any CPU
		{F2F1A819-8943-4206-928A-DB28948EED08}.AppStore|ARM.Deploy.0 = Release|Any CPU
		{F2F1A819-8943-4206-928A-DB28948EED08}.AppStore|iPhone.ActiveCfg = Release|Any CPU
		{F2F1A819-8943-4206-928A-DB28948EED08}.AppStore|iPhone.Build.0 = Release|Any CPU
		{F2F1A819-8943-4206-928A-DB28948EED08}.AppStore|iPhone.Deploy.0 = Release|Any CPU
		{F2F1A819-8943-4206-928A-DB28948EED08}.AppStore|iPhoneSimulator.ActiveCfg = Release|Any CPU
		{F2F1A819-8943-4206-928A-DB28948EED08}.AppStore|iPhoneSimulator.Build.0 = Release|Any CPU
		{F2F1A819-8943-4206-928A-DB28948EED08}.AppStore|iPhoneSimulator.Deploy.0 = Release|Any CPU
		{F2F1A819-8943-4206-928A-DB28948EED08}.AppStore|x64.ActiveCfg = Release|Any CPU
		{F2F1A819-8943-4206-928A-DB28948EED08}.AppStore|x64.Build.0 = Release|Any CPU
		{F2F1A819-8943-4206-928A-DB28948EED08}.AppStore|x64.Deploy.0 = Release|Any CPU
		{F2F1A819-8943-4206-928A-DB28948EED08}.AppStore|x86.ActiveCfg = Release|Any CPU
		{F2F1A819-8943-4206-928A-DB28948EED08}.AppStore|x86.Build.0 = Release|Any CPU
		{F2F1A819-8943-4206-928A-DB28948EED08}.AppStore|x86.Deploy.0 = Release|Any CPU
		{F2F1A819-8943-4206-928A-DB28948EED08}.Debug|Any CPU.ActiveCfg = Debug|Any CPU
		{F2F1A819-8943-4206-928A-DB28948EED08}.Debug|Any CPU.Build.0 = Debug|Any CPU
		{F2F1A819-8943-4206-928A-DB28948EED08}.Debug|Any CPU.Deploy.0 = Debug|Any CPU
		{F2F1A819-8943-4206-928A-DB28948EED08}.Debug|ARM.ActiveCfg = Debug|Any CPU
		{F2F1A819-8943-4206-928A-DB28948EED08}.Debug|ARM.Build.0 = Debug|Any CPU
		{F2F1A819-8943-4206-928A-DB28948EED08}.Debug|ARM.Deploy.0 = Debug|Any CPU
		{F2F1A819-8943-4206-928A-DB28948EED08}.Debug|iPhone.ActiveCfg = Debug|Any CPU
		{F2F1A819-8943-4206-928A-DB28948EED08}.Debug|iPhone.Build.0 = Debug|Any CPU
		{F2F1A819-8943-4206-928A-DB28948EED08}.Debug|iPhone.Deploy.0 = Debug|Any CPU
		{F2F1A819-8943-4206-928A-DB28948EED08}.Debug|iPhoneSimulator.ActiveCfg = Debug|Any CPU
		{F2F1A819-8943-4206-928A-DB28948EED08}.Debug|iPhoneSimulator.Build.0 = Debug|Any CPU
		{F2F1A819-8943-4206-928A-DB28948EED08}.Debug|iPhoneSimulator.Deploy.0 = Debug|Any CPU
		{F2F1A819-8943-4206-928A-DB28948EED08}.Debug|x64.ActiveCfg = Debug|Any CPU
		{F2F1A819-8943-4206-928A-DB28948EED08}.Debug|x64.Build.0 = Debug|Any CPU
		{F2F1A819-8943-4206-928A-DB28948EED08}.Debug|x64.Deploy.0 = Debug|Any CPU
		{F2F1A819-8943-4206-928A-DB28948EED08}.Debug|x86.ActiveCfg = Debug|Any CPU
		{F2F1A819-8943-4206-928A-DB28948EED08}.Debug|x86.Build.0 = Debug|Any CPU
		{F2F1A819-8943-4206-928A-DB28948EED08}.Debug|x86.Deploy.0 = Debug|Any CPU
		{F2F1A819-8943-4206-928A-DB28948EED08}.Release|Any CPU.ActiveCfg = Release|Any CPU
		{F2F1A819-8943-4206-928A-DB28948EED08}.Release|Any CPU.Build.0 = Release|Any CPU
		{F2F1A819-8943-4206-928A-DB28948EED08}.Release|Any CPU.Deploy.0 = Release|Any CPU
		{F2F1A819-8943-4206-928A-DB28948EED08}.Release|ARM.ActiveCfg = Release|Any CPU
		{F2F1A819-8943-4206-928A-DB28948EED08}.Release|ARM.Build.0 = Release|Any CPU
		{F2F1A819-8943-4206-928A-DB28948EED08}.Release|ARM.Deploy.0 = Release|Any CPU
		{F2F1A819-8943-4206-928A-DB28948EED08}.Release|iPhone.ActiveCfg = Release|Any CPU
		{F2F1A819-8943-4206-928A-DB28948EED08}.Release|iPhone.Build.0 = Release|Any CPU
		{F2F1A819-8943-4206-928A-DB28948EED08}.Release|iPhone.Deploy.0 = Release|Any CPU
		{F2F1A819-8943-4206-928A-DB28948EED08}.Release|iPhoneSimulator.ActiveCfg = Release|Any CPU
		{F2F1A819-8943-4206-928A-DB28948EED08}.Release|iPhoneSimulator.Build.0 = Release|Any CPU
		{F2F1A819-8943-4206-928A-DB28948EED08}.Release|iPhoneSimulator.Deploy.0 = Release|Any CPU
		{F2F1A819-8943-4206-928A-DB28948EED08}.Release|x64.ActiveCfg = Release|Any CPU
		{F2F1A819-8943-4206-928A-DB28948EED08}.Release|x64.Build.0 = Release|Any CPU
		{F2F1A819-8943-4206-928A-DB28948EED08}.Release|x64.Deploy.0 = Release|Any CPU
		{F2F1A819-8943-4206-928A-DB28948EED08}.Release|x86.ActiveCfg = Release|Any CPU
		{F2F1A819-8943-4206-928A-DB28948EED08}.Release|x86.Build.0 = Release|Any CPU
		{F2F1A819-8943-4206-928A-DB28948EED08}.Release|x86.Deploy.0 = Release|Any CPU
		{47D35DAB-A6C7-4CD9-B74E-6D4D7CE26CAE}.Ad-Hoc|Any CPU.ActiveCfg = Ad-Hoc|iPhone
		{47D35DAB-A6C7-4CD9-B74E-6D4D7CE26CAE}.Ad-Hoc|ARM.ActiveCfg = Ad-Hoc|iPhone
		{47D35DAB-A6C7-4CD9-B74E-6D4D7CE26CAE}.Ad-Hoc|iPhone.ActiveCfg = Ad-Hoc|iPhone
		{47D35DAB-A6C7-4CD9-B74E-6D4D7CE26CAE}.Ad-Hoc|iPhone.Build.0 = Ad-Hoc|iPhone
		{47D35DAB-A6C7-4CD9-B74E-6D4D7CE26CAE}.Ad-Hoc|iPhoneSimulator.ActiveCfg = Ad-Hoc|iPhoneSimulator
		{47D35DAB-A6C7-4CD9-B74E-6D4D7CE26CAE}.Ad-Hoc|iPhoneSimulator.Build.0 = Ad-Hoc|iPhoneSimulator
		{47D35DAB-A6C7-4CD9-B74E-6D4D7CE26CAE}.Ad-Hoc|x64.ActiveCfg = Ad-Hoc|iPhone
		{47D35DAB-A6C7-4CD9-B74E-6D4D7CE26CAE}.Ad-Hoc|x86.ActiveCfg = Ad-Hoc|iPhone
		{47D35DAB-A6C7-4CD9-B74E-6D4D7CE26CAE}.AppStore|Any CPU.ActiveCfg = AppStore|iPhone
		{47D35DAB-A6C7-4CD9-B74E-6D4D7CE26CAE}.AppStore|ARM.ActiveCfg = AppStore|iPhone
		{47D35DAB-A6C7-4CD9-B74E-6D4D7CE26CAE}.AppStore|iPhone.ActiveCfg = AppStore|iPhone
		{47D35DAB-A6C7-4CD9-B74E-6D4D7CE26CAE}.AppStore|iPhone.Build.0 = AppStore|iPhone
		{47D35DAB-A6C7-4CD9-B74E-6D4D7CE26CAE}.AppStore|iPhoneSimulator.ActiveCfg = AppStore|iPhoneSimulator
		{47D35DAB-A6C7-4CD9-B74E-6D4D7CE26CAE}.AppStore|iPhoneSimulator.Build.0 = AppStore|iPhoneSimulator
		{47D35DAB-A6C7-4CD9-B74E-6D4D7CE26CAE}.AppStore|x64.ActiveCfg = AppStore|iPhone
		{47D35DAB-A6C7-4CD9-B74E-6D4D7CE26CAE}.AppStore|x86.ActiveCfg = AppStore|iPhone
		{47D35DAB-A6C7-4CD9-B74E-6D4D7CE26CAE}.Debug|Any CPU.ActiveCfg = Debug|iPhone
		{47D35DAB-A6C7-4CD9-B74E-6D4D7CE26CAE}.Debug|ARM.ActiveCfg = Debug|iPhone
		{47D35DAB-A6C7-4CD9-B74E-6D4D7CE26CAE}.Debug|iPhone.ActiveCfg = Debug|iPhone
		{47D35DAB-A6C7-4CD9-B74E-6D4D7CE26CAE}.Debug|iPhone.Build.0 = Debug|iPhone
		{47D35DAB-A6C7-4CD9-B74E-6D4D7CE26CAE}.Debug|iPhoneSimulator.ActiveCfg = Debug|iPhoneSimulator
		{47D35DAB-A6C7-4CD9-B74E-6D4D7CE26CAE}.Debug|iPhoneSimulator.Build.0 = Debug|iPhoneSimulator
		{47D35DAB-A6C7-4CD9-B74E-6D4D7CE26CAE}.Debug|x64.ActiveCfg = Debug|iPhone
		{47D35DAB-A6C7-4CD9-B74E-6D4D7CE26CAE}.Debug|x86.ActiveCfg = Debug|iPhone
		{47D35DAB-A6C7-4CD9-B74E-6D4D7CE26CAE}.Release|Any CPU.ActiveCfg = Release|iPhone
		{47D35DAB-A6C7-4CD9-B74E-6D4D7CE26CAE}.Release|ARM.ActiveCfg = Release|iPhone
		{47D35DAB-A6C7-4CD9-B74E-6D4D7CE26CAE}.Release|iPhone.ActiveCfg = Release|iPhone
		{47D35DAB-A6C7-4CD9-B74E-6D4D7CE26CAE}.Release|iPhone.Build.0 = Release|iPhone
		{47D35DAB-A6C7-4CD9-B74E-6D4D7CE26CAE}.Release|iPhoneSimulator.ActiveCfg = Release|iPhoneSimulator
		{47D35DAB-A6C7-4CD9-B74E-6D4D7CE26CAE}.Release|iPhoneSimulator.Build.0 = Release|iPhoneSimulator
		{47D35DAB-A6C7-4CD9-B74E-6D4D7CE26CAE}.Release|x64.ActiveCfg = Release|iPhone
		{47D35DAB-A6C7-4CD9-B74E-6D4D7CE26CAE}.Release|x86.ActiveCfg = Release|iPhone
		{F5CE9801-9CBC-45A1-86C9-C1068059BB5E}.Ad-Hoc|Any CPU.ActiveCfg = Release|Any CPU
		{F5CE9801-9CBC-45A1-86C9-C1068059BB5E}.Ad-Hoc|Any CPU.Build.0 = Release|Any CPU
		{F5CE9801-9CBC-45A1-86C9-C1068059BB5E}.Ad-Hoc|Any CPU.Deploy.0 = Release|Any CPU
		{F5CE9801-9CBC-45A1-86C9-C1068059BB5E}.Ad-Hoc|ARM.ActiveCfg = Release|ARM
		{F5CE9801-9CBC-45A1-86C9-C1068059BB5E}.Ad-Hoc|ARM.Build.0 = Release|ARM
		{F5CE9801-9CBC-45A1-86C9-C1068059BB5E}.Ad-Hoc|ARM.Deploy.0 = Release|ARM
		{F5CE9801-9CBC-45A1-86C9-C1068059BB5E}.Ad-Hoc|iPhone.ActiveCfg = Release|Any CPU
		{F5CE9801-9CBC-45A1-86C9-C1068059BB5E}.Ad-Hoc|iPhone.Build.0 = Release|Any CPU
		{F5CE9801-9CBC-45A1-86C9-C1068059BB5E}.Ad-Hoc|iPhone.Deploy.0 = Release|Any CPU
		{F5CE9801-9CBC-45A1-86C9-C1068059BB5E}.Ad-Hoc|iPhoneSimulator.ActiveCfg = Release|Any CPU
		{F5CE9801-9CBC-45A1-86C9-C1068059BB5E}.Ad-Hoc|iPhoneSimulator.Build.0 = Release|Any CPU
		{F5CE9801-9CBC-45A1-86C9-C1068059BB5E}.Ad-Hoc|iPhoneSimulator.Deploy.0 = Release|Any CPU
		{F5CE9801-9CBC-45A1-86C9-C1068059BB5E}.Ad-Hoc|x64.ActiveCfg = Release|Any CPU
		{F5CE9801-9CBC-45A1-86C9-C1068059BB5E}.Ad-Hoc|x64.Build.0 = Release|Any CPU
		{F5CE9801-9CBC-45A1-86C9-C1068059BB5E}.Ad-Hoc|x64.Deploy.0 = Release|Any CPU
		{F5CE9801-9CBC-45A1-86C9-C1068059BB5E}.Ad-Hoc|x86.ActiveCfg = Release|x86
		{F5CE9801-9CBC-45A1-86C9-C1068059BB5E}.Ad-Hoc|x86.Build.0 = Release|x86
		{F5CE9801-9CBC-45A1-86C9-C1068059BB5E}.Ad-Hoc|x86.Deploy.0 = Release|x86
		{F5CE9801-9CBC-45A1-86C9-C1068059BB5E}.AppStore|Any CPU.ActiveCfg = Release|Any CPU
		{F5CE9801-9CBC-45A1-86C9-C1068059BB5E}.AppStore|Any CPU.Build.0 = Release|Any CPU
		{F5CE9801-9CBC-45A1-86C9-C1068059BB5E}.AppStore|Any CPU.Deploy.0 = Release|Any CPU
		{F5CE9801-9CBC-45A1-86C9-C1068059BB5E}.AppStore|ARM.ActiveCfg = Release|ARM
		{F5CE9801-9CBC-45A1-86C9-C1068059BB5E}.AppStore|ARM.Build.0 = Release|ARM
		{F5CE9801-9CBC-45A1-86C9-C1068059BB5E}.AppStore|ARM.Deploy.0 = Release|ARM
		{F5CE9801-9CBC-45A1-86C9-C1068059BB5E}.AppStore|iPhone.ActiveCfg = Release|Any CPU
		{F5CE9801-9CBC-45A1-86C9-C1068059BB5E}.AppStore|iPhone.Build.0 = Release|Any CPU
		{F5CE9801-9CBC-45A1-86C9-C1068059BB5E}.AppStore|iPhone.Deploy.0 = Release|Any CPU
		{F5CE9801-9CBC-45A1-86C9-C1068059BB5E}.AppStore|iPhoneSimulator.ActiveCfg = Release|Any CPU
		{F5CE9801-9CBC-45A1-86C9-C1068059BB5E}.AppStore|iPhoneSimulator.Build.0 = Release|Any CPU
		{F5CE9801-9CBC-45A1-86C9-C1068059BB5E}.AppStore|iPhoneSimulator.Deploy.0 = Release|Any CPU
		{F5CE9801-9CBC-45A1-86C9-C1068059BB5E}.AppStore|x64.ActiveCfg = Release|Any CPU
		{F5CE9801-9CBC-45A1-86C9-C1068059BB5E}.AppStore|x64.Build.0 = Release|Any CPU
		{F5CE9801-9CBC-45A1-86C9-C1068059BB5E}.AppStore|x64.Deploy.0 = Release|Any CPU
		{F5CE9801-9CBC-45A1-86C9-C1068059BB5E}.AppStore|x86.ActiveCfg = Release|x86
		{F5CE9801-9CBC-45A1-86C9-C1068059BB5E}.AppStore|x86.Build.0 = Release|x86
		{F5CE9801-9CBC-45A1-86C9-C1068059BB5E}.AppStore|x86.Deploy.0 = Release|x86
		{F5CE9801-9CBC-45A1-86C9-C1068059BB5E}.Debug|Any CPU.ActiveCfg = Debug|Any CPU
		{F5CE9801-9CBC-45A1-86C9-C1068059BB5E}.Debug|Any CPU.Build.0 = Debug|Any CPU
		{F5CE9801-9CBC-45A1-86C9-C1068059BB5E}.Debug|Any CPU.Deploy.0 = Debug|Any CPU
		{F5CE9801-9CBC-45A1-86C9-C1068059BB5E}.Debug|ARM.ActiveCfg = Debug|ARM
		{F5CE9801-9CBC-45A1-86C9-C1068059BB5E}.Debug|ARM.Build.0 = Debug|ARM
		{F5CE9801-9CBC-45A1-86C9-C1068059BB5E}.Debug|ARM.Deploy.0 = Debug|ARM
		{F5CE9801-9CBC-45A1-86C9-C1068059BB5E}.Debug|iPhone.ActiveCfg = Debug|Any CPU
		{F5CE9801-9CBC-45A1-86C9-C1068059BB5E}.Debug|iPhone.Build.0 = Debug|Any CPU
		{F5CE9801-9CBC-45A1-86C9-C1068059BB5E}.Debug|iPhone.Deploy.0 = Debug|Any CPU
		{F5CE9801-9CBC-45A1-86C9-C1068059BB5E}.Debug|iPhoneSimulator.ActiveCfg = Debug|Any CPU
		{F5CE9801-9CBC-45A1-86C9-C1068059BB5E}.Debug|iPhoneSimulator.Build.0 = Debug|Any CPU
		{F5CE9801-9CBC-45A1-86C9-C1068059BB5E}.Debug|iPhoneSimulator.Deploy.0 = Debug|Any CPU
		{F5CE9801-9CBC-45A1-86C9-C1068059BB5E}.Debug|x64.ActiveCfg = Debug|Any CPU
		{F5CE9801-9CBC-45A1-86C9-C1068059BB5E}.Debug|x64.Build.0 = Debug|Any CPU
		{F5CE9801-9CBC-45A1-86C9-C1068059BB5E}.Debug|x64.Deploy.0 = Debug|Any CPU
		{F5CE9801-9CBC-45A1-86C9-C1068059BB5E}.Debug|x86.ActiveCfg = Debug|x86
		{F5CE9801-9CBC-45A1-86C9-C1068059BB5E}.Debug|x86.Build.0 = Debug|x86
		{F5CE9801-9CBC-45A1-86C9-C1068059BB5E}.Debug|x86.Deploy.0 = Debug|x86
		{F5CE9801-9CBC-45A1-86C9-C1068059BB5E}.Release|Any CPU.ActiveCfg = Release|Any CPU
		{F5CE9801-9CBC-45A1-86C9-C1068059BB5E}.Release|Any CPU.Build.0 = Release|Any CPU
		{F5CE9801-9CBC-45A1-86C9-C1068059BB5E}.Release|Any CPU.Deploy.0 = Release|Any CPU
		{F5CE9801-9CBC-45A1-86C9-C1068059BB5E}.Release|ARM.ActiveCfg = Release|ARM
		{F5CE9801-9CBC-45A1-86C9-C1068059BB5E}.Release|ARM.Build.0 = Release|ARM
		{F5CE9801-9CBC-45A1-86C9-C1068059BB5E}.Release|ARM.Deploy.0 = Release|ARM
		{F5CE9801-9CBC-45A1-86C9-C1068059BB5E}.Release|iPhone.ActiveCfg = Release|Any CPU
		{F5CE9801-9CBC-45A1-86C9-C1068059BB5E}.Release|iPhone.Build.0 = Release|Any CPU
		{F5CE9801-9CBC-45A1-86C9-C1068059BB5E}.Release|iPhone.Deploy.0 = Release|Any CPU
		{F5CE9801-9CBC-45A1-86C9-C1068059BB5E}.Release|iPhoneSimulator.ActiveCfg = Release|Any CPU
		{F5CE9801-9CBC-45A1-86C9-C1068059BB5E}.Release|iPhoneSimulator.Build.0 = Release|Any CPU
		{F5CE9801-9CBC-45A1-86C9-C1068059BB5E}.Release|iPhoneSimulator.Deploy.0 = Release|Any CPU
		{F5CE9801-9CBC-45A1-86C9-C1068059BB5E}.Release|x64.ActiveCfg = Release|Any CPU
		{F5CE9801-9CBC-45A1-86C9-C1068059BB5E}.Release|x64.Build.0 = Release|Any CPU
		{F5CE9801-9CBC-45A1-86C9-C1068059BB5E}.Release|x64.Deploy.0 = Release|Any CPU
		{F5CE9801-9CBC-45A1-86C9-C1068059BB5E}.Release|x86.ActiveCfg = Release|x86
		{F5CE9801-9CBC-45A1-86C9-C1068059BB5E}.Release|x86.Build.0 = Release|x86
		{F5CE9801-9CBC-45A1-86C9-C1068059BB5E}.Release|x86.Deploy.0 = Release|x86
		{5D35BB38-96D6-4BCC-AE7D-B56D5BA2CFE5}.Ad-Hoc|Any CPU.ActiveCfg = Release|x86
		{5D35BB38-96D6-4BCC-AE7D-B56D5BA2CFE5}.Ad-Hoc|Any CPU.Build.0 = Release|x86
		{5D35BB38-96D6-4BCC-AE7D-B56D5BA2CFE5}.Ad-Hoc|Any CPU.Deploy.0 = Release|x86
		{5D35BB38-96D6-4BCC-AE7D-B56D5BA2CFE5}.Ad-Hoc|ARM.ActiveCfg = Release|ARM
		{5D35BB38-96D6-4BCC-AE7D-B56D5BA2CFE5}.Ad-Hoc|ARM.Build.0 = Release|ARM
		{5D35BB38-96D6-4BCC-AE7D-B56D5BA2CFE5}.Ad-Hoc|ARM.Deploy.0 = Release|ARM
		{5D35BB38-96D6-4BCC-AE7D-B56D5BA2CFE5}.Ad-Hoc|iPhone.ActiveCfg = Release|x86
		{5D35BB38-96D6-4BCC-AE7D-B56D5BA2CFE5}.Ad-Hoc|iPhone.Build.0 = Release|x86
		{5D35BB38-96D6-4BCC-AE7D-B56D5BA2CFE5}.Ad-Hoc|iPhone.Deploy.0 = Release|x86
		{5D35BB38-96D6-4BCC-AE7D-B56D5BA2CFE5}.Ad-Hoc|iPhoneSimulator.ActiveCfg = Release|x86
		{5D35BB38-96D6-4BCC-AE7D-B56D5BA2CFE5}.Ad-Hoc|iPhoneSimulator.Build.0 = Release|x86
		{5D35BB38-96D6-4BCC-AE7D-B56D5BA2CFE5}.Ad-Hoc|iPhoneSimulator.Deploy.0 = Release|x86
		{5D35BB38-96D6-4BCC-AE7D-B56D5BA2CFE5}.Ad-Hoc|x64.ActiveCfg = Release|x64
		{5D35BB38-96D6-4BCC-AE7D-B56D5BA2CFE5}.Ad-Hoc|x64.Build.0 = Release|x64
		{5D35BB38-96D6-4BCC-AE7D-B56D5BA2CFE5}.Ad-Hoc|x64.Deploy.0 = Release|x64
		{5D35BB38-96D6-4BCC-AE7D-B56D5BA2CFE5}.Ad-Hoc|x86.ActiveCfg = Release|x86
		{5D35BB38-96D6-4BCC-AE7D-B56D5BA2CFE5}.Ad-Hoc|x86.Build.0 = Release|x86
		{5D35BB38-96D6-4BCC-AE7D-B56D5BA2CFE5}.Ad-Hoc|x86.Deploy.0 = Release|x86
		{5D35BB38-96D6-4BCC-AE7D-B56D5BA2CFE5}.AppStore|Any CPU.ActiveCfg = Release|x86
		{5D35BB38-96D6-4BCC-AE7D-B56D5BA2CFE5}.AppStore|Any CPU.Build.0 = Release|x86
		{5D35BB38-96D6-4BCC-AE7D-B56D5BA2CFE5}.AppStore|Any CPU.Deploy.0 = Release|x86
		{5D35BB38-96D6-4BCC-AE7D-B56D5BA2CFE5}.AppStore|ARM.ActiveCfg = Release|ARM
		{5D35BB38-96D6-4BCC-AE7D-B56D5BA2CFE5}.AppStore|ARM.Build.0 = Release|ARM
		{5D35BB38-96D6-4BCC-AE7D-B56D5BA2CFE5}.AppStore|ARM.Deploy.0 = Release|ARM
		{5D35BB38-96D6-4BCC-AE7D-B56D5BA2CFE5}.AppStore|iPhone.ActiveCfg = Release|x86
		{5D35BB38-96D6-4BCC-AE7D-B56D5BA2CFE5}.AppStore|iPhone.Build.0 = Release|x86
		{5D35BB38-96D6-4BCC-AE7D-B56D5BA2CFE5}.AppStore|iPhone.Deploy.0 = Release|x86
		{5D35BB38-96D6-4BCC-AE7D-B56D5BA2CFE5}.AppStore|iPhoneSimulator.ActiveCfg = Release|x86
		{5D35BB38-96D6-4BCC-AE7D-B56D5BA2CFE5}.AppStore|iPhoneSimulator.Build.0 = Release|x86
		{5D35BB38-96D6-4BCC-AE7D-B56D5BA2CFE5}.AppStore|iPhoneSimulator.Deploy.0 = Release|x86
		{5D35BB38-96D6-4BCC-AE7D-B56D5BA2CFE5}.AppStore|x64.ActiveCfg = Release|x64
		{5D35BB38-96D6-4BCC-AE7D-B56D5BA2CFE5}.AppStore|x64.Build.0 = Release|x64
		{5D35BB38-96D6-4BCC-AE7D-B56D5BA2CFE5}.AppStore|x64.Deploy.0 = Release|x64
		{5D35BB38-96D6-4BCC-AE7D-B56D5BA2CFE5}.AppStore|x86.ActiveCfg = Release|x86
		{5D35BB38-96D6-4BCC-AE7D-B56D5BA2CFE5}.AppStore|x86.Build.0 = Release|x86
		{5D35BB38-96D6-4BCC-AE7D-B56D5BA2CFE5}.AppStore|x86.Deploy.0 = Release|x86
		{5D35BB38-96D6-4BCC-AE7D-B56D5BA2CFE5}.Debug|Any CPU.ActiveCfg = Debug|x86
		{5D35BB38-96D6-4BCC-AE7D-B56D5BA2CFE5}.Debug|ARM.ActiveCfg = Debug|ARM
		{5D35BB38-96D6-4BCC-AE7D-B56D5BA2CFE5}.Debug|ARM.Build.0 = Debug|ARM
		{5D35BB38-96D6-4BCC-AE7D-B56D5BA2CFE5}.Debug|ARM.Deploy.0 = Debug|ARM
		{5D35BB38-96D6-4BCC-AE7D-B56D5BA2CFE5}.Debug|iPhone.ActiveCfg = Debug|x86
		{5D35BB38-96D6-4BCC-AE7D-B56D5BA2CFE5}.Debug|iPhoneSimulator.ActiveCfg = Debug|x86
		{5D35BB38-96D6-4BCC-AE7D-B56D5BA2CFE5}.Debug|x64.ActiveCfg = Debug|x64
		{5D35BB38-96D6-4BCC-AE7D-B56D5BA2CFE5}.Debug|x64.Build.0 = Debug|x64
		{5D35BB38-96D6-4BCC-AE7D-B56D5BA2CFE5}.Debug|x64.Deploy.0 = Debug|x64
		{5D35BB38-96D6-4BCC-AE7D-B56D5BA2CFE5}.Debug|x86.ActiveCfg = Debug|x86
		{5D35BB38-96D6-4BCC-AE7D-B56D5BA2CFE5}.Debug|x86.Build.0 = Debug|x86
		{5D35BB38-96D6-4BCC-AE7D-B56D5BA2CFE5}.Debug|x86.Deploy.0 = Debug|x86
		{5D35BB38-96D6-4BCC-AE7D-B56D5BA2CFE5}.Release|Any CPU.ActiveCfg = Release|x86
		{5D35BB38-96D6-4BCC-AE7D-B56D5BA2CFE5}.Release|ARM.ActiveCfg = Release|ARM
		{5D35BB38-96D6-4BCC-AE7D-B56D5BA2CFE5}.Release|ARM.Build.0 = Release|ARM
		{5D35BB38-96D6-4BCC-AE7D-B56D5BA2CFE5}.Release|ARM.Deploy.0 = Release|ARM
		{5D35BB38-96D6-4BCC-AE7D-B56D5BA2CFE5}.Release|iPhone.ActiveCfg = Release|x86
		{5D35BB38-96D6-4BCC-AE7D-B56D5BA2CFE5}.Release|iPhoneSimulator.ActiveCfg = Release|x86
		{5D35BB38-96D6-4BCC-AE7D-B56D5BA2CFE5}.Release|x64.ActiveCfg = Release|x64
		{5D35BB38-96D6-4BCC-AE7D-B56D5BA2CFE5}.Release|x64.Build.0 = Release|x64
		{5D35BB38-96D6-4BCC-AE7D-B56D5BA2CFE5}.Release|x64.Deploy.0 = Release|x64
		{5D35BB38-96D6-4BCC-AE7D-B56D5BA2CFE5}.Release|x86.ActiveCfg = Release|x86
		{5D35BB38-96D6-4BCC-AE7D-B56D5BA2CFE5}.Release|x86.Build.0 = Release|x86
		{5D35BB38-96D6-4BCC-AE7D-B56D5BA2CFE5}.Release|x86.Deploy.0 = Release|x86
		{7AD18E4D-BC98-4411-B8C0-CEDA266C3B3C}.Ad-Hoc|Any CPU.ActiveCfg = Release|Any CPU
		{7AD18E4D-BC98-4411-B8C0-CEDA266C3B3C}.Ad-Hoc|Any CPU.Build.0 = Release|Any CPU
		{7AD18E4D-BC98-4411-B8C0-CEDA266C3B3C}.Ad-Hoc|Any CPU.Deploy.0 = Release|Any CPU
		{7AD18E4D-BC98-4411-B8C0-CEDA266C3B3C}.Ad-Hoc|ARM.ActiveCfg = Release|ARM
		{7AD18E4D-BC98-4411-B8C0-CEDA266C3B3C}.Ad-Hoc|ARM.Build.0 = Release|ARM
		{7AD18E4D-BC98-4411-B8C0-CEDA266C3B3C}.Ad-Hoc|ARM.Deploy.0 = Release|ARM
		{7AD18E4D-BC98-4411-B8C0-CEDA266C3B3C}.Ad-Hoc|iPhone.ActiveCfg = Release|Any CPU
		{7AD18E4D-BC98-4411-B8C0-CEDA266C3B3C}.Ad-Hoc|iPhone.Build.0 = Release|Any CPU
		{7AD18E4D-BC98-4411-B8C0-CEDA266C3B3C}.Ad-Hoc|iPhone.Deploy.0 = Release|Any CPU
		{7AD18E4D-BC98-4411-B8C0-CEDA266C3B3C}.Ad-Hoc|iPhoneSimulator.ActiveCfg = Release|Any CPU
		{7AD18E4D-BC98-4411-B8C0-CEDA266C3B3C}.Ad-Hoc|iPhoneSimulator.Build.0 = Release|Any CPU
		{7AD18E4D-BC98-4411-B8C0-CEDA266C3B3C}.Ad-Hoc|iPhoneSimulator.Deploy.0 = Release|Any CPU
		{7AD18E4D-BC98-4411-B8C0-CEDA266C3B3C}.Ad-Hoc|x64.ActiveCfg = Release|x64
		{7AD18E4D-BC98-4411-B8C0-CEDA266C3B3C}.Ad-Hoc|x64.Build.0 = Release|x64
		{7AD18E4D-BC98-4411-B8C0-CEDA266C3B3C}.Ad-Hoc|x64.Deploy.0 = Release|x64
		{7AD18E4D-BC98-4411-B8C0-CEDA266C3B3C}.Ad-Hoc|x86.ActiveCfg = Release|x86
		{7AD18E4D-BC98-4411-B8C0-CEDA266C3B3C}.Ad-Hoc|x86.Build.0 = Release|x86
		{7AD18E4D-BC98-4411-B8C0-CEDA266C3B3C}.Ad-Hoc|x86.Deploy.0 = Release|x86
		{7AD18E4D-BC98-4411-B8C0-CEDA266C3B3C}.AppStore|Any CPU.ActiveCfg = Release|Any CPU
		{7AD18E4D-BC98-4411-B8C0-CEDA266C3B3C}.AppStore|Any CPU.Build.0 = Release|Any CPU
		{7AD18E4D-BC98-4411-B8C0-CEDA266C3B3C}.AppStore|Any CPU.Deploy.0 = Release|Any CPU
		{7AD18E4D-BC98-4411-B8C0-CEDA266C3B3C}.AppStore|ARM.ActiveCfg = Release|ARM
		{7AD18E4D-BC98-4411-B8C0-CEDA266C3B3C}.AppStore|ARM.Build.0 = Release|ARM
		{7AD18E4D-BC98-4411-B8C0-CEDA266C3B3C}.AppStore|ARM.Deploy.0 = Release|ARM
		{7AD18E4D-BC98-4411-B8C0-CEDA266C3B3C}.AppStore|iPhone.ActiveCfg = Release|Any CPU
		{7AD18E4D-BC98-4411-B8C0-CEDA266C3B3C}.AppStore|iPhone.Build.0 = Release|Any CPU
		{7AD18E4D-BC98-4411-B8C0-CEDA266C3B3C}.AppStore|iPhone.Deploy.0 = Release|Any CPU
		{7AD18E4D-BC98-4411-B8C0-CEDA266C3B3C}.AppStore|iPhoneSimulator.ActiveCfg = Release|Any CPU
		{7AD18E4D-BC98-4411-B8C0-CEDA266C3B3C}.AppStore|iPhoneSimulator.Build.0 = Release|Any CPU
		{7AD18E4D-BC98-4411-B8C0-CEDA266C3B3C}.AppStore|iPhoneSimulator.Deploy.0 = Release|Any CPU
		{7AD18E4D-BC98-4411-B8C0-CEDA266C3B3C}.AppStore|x64.ActiveCfg = Release|x64
		{7AD18E4D-BC98-4411-B8C0-CEDA266C3B3C}.AppStore|x64.Build.0 = Release|x64
		{7AD18E4D-BC98-4411-B8C0-CEDA266C3B3C}.AppStore|x64.Deploy.0 = Release|x64
		{7AD18E4D-BC98-4411-B8C0-CEDA266C3B3C}.AppStore|x86.ActiveCfg = Release|x86
		{7AD18E4D-BC98-4411-B8C0-CEDA266C3B3C}.AppStore|x86.Build.0 = Release|x86
		{7AD18E4D-BC98-4411-B8C0-CEDA266C3B3C}.AppStore|x86.Deploy.0 = Release|x86
		{7AD18E4D-BC98-4411-B8C0-CEDA266C3B3C}.Debug|Any CPU.ActiveCfg = Debug|Any CPU
		{7AD18E4D-BC98-4411-B8C0-CEDA266C3B3C}.Debug|Any CPU.Build.0 = Debug|Any CPU
		{7AD18E4D-BC98-4411-B8C0-CEDA266C3B3C}.Debug|Any CPU.Deploy.0 = Debug|Any CPU
		{7AD18E4D-BC98-4411-B8C0-CEDA266C3B3C}.Debug|ARM.ActiveCfg = Debug|ARM
		{7AD18E4D-BC98-4411-B8C0-CEDA266C3B3C}.Debug|ARM.Build.0 = Debug|ARM
		{7AD18E4D-BC98-4411-B8C0-CEDA266C3B3C}.Debug|ARM.Deploy.0 = Debug|ARM
		{7AD18E4D-BC98-4411-B8C0-CEDA266C3B3C}.Debug|iPhone.ActiveCfg = Debug|Any CPU
		{7AD18E4D-BC98-4411-B8C0-CEDA266C3B3C}.Debug|iPhone.Build.0 = Debug|Any CPU
		{7AD18E4D-BC98-4411-B8C0-CEDA266C3B3C}.Debug|iPhone.Deploy.0 = Debug|Any CPU
		{7AD18E4D-BC98-4411-B8C0-CEDA266C3B3C}.Debug|iPhoneSimulator.ActiveCfg = Debug|Any CPU
		{7AD18E4D-BC98-4411-B8C0-CEDA266C3B3C}.Debug|iPhoneSimulator.Build.0 = Debug|Any CPU
		{7AD18E4D-BC98-4411-B8C0-CEDA266C3B3C}.Debug|iPhoneSimulator.Deploy.0 = Debug|Any CPU
		{7AD18E4D-BC98-4411-B8C0-CEDA266C3B3C}.Debug|x64.ActiveCfg = Debug|x64
		{7AD18E4D-BC98-4411-B8C0-CEDA266C3B3C}.Debug|x64.Build.0 = Debug|x64
		{7AD18E4D-BC98-4411-B8C0-CEDA266C3B3C}.Debug|x64.Deploy.0 = Debug|x64
		{7AD18E4D-BC98-4411-B8C0-CEDA266C3B3C}.Debug|x86.ActiveCfg = Debug|x86
		{7AD18E4D-BC98-4411-B8C0-CEDA266C3B3C}.Debug|x86.Build.0 = Debug|x86
		{7AD18E4D-BC98-4411-B8C0-CEDA266C3B3C}.Debug|x86.Deploy.0 = Debug|x86
		{7AD18E4D-BC98-4411-B8C0-CEDA266C3B3C}.Release|Any CPU.ActiveCfg = Release|Any CPU
		{7AD18E4D-BC98-4411-B8C0-CEDA266C3B3C}.Release|Any CPU.Build.0 = Release|Any CPU
		{7AD18E4D-BC98-4411-B8C0-CEDA266C3B3C}.Release|Any CPU.Deploy.0 = Release|Any CPU
		{7AD18E4D-BC98-4411-B8C0-CEDA266C3B3C}.Release|ARM.ActiveCfg = Release|ARM
		{7AD18E4D-BC98-4411-B8C0-CEDA266C3B3C}.Release|ARM.Build.0 = Release|ARM
		{7AD18E4D-BC98-4411-B8C0-CEDA266C3B3C}.Release|ARM.Deploy.0 = Release|ARM
		{7AD18E4D-BC98-4411-B8C0-CEDA266C3B3C}.Release|iPhone.ActiveCfg = Release|Any CPU
		{7AD18E4D-BC98-4411-B8C0-CEDA266C3B3C}.Release|iPhone.Build.0 = Release|Any CPU
		{7AD18E4D-BC98-4411-B8C0-CEDA266C3B3C}.Release|iPhone.Deploy.0 = Release|Any CPU
		{7AD18E4D-BC98-4411-B8C0-CEDA266C3B3C}.Release|iPhoneSimulator.ActiveCfg = Release|Any CPU
		{7AD18E4D-BC98-4411-B8C0-CEDA266C3B3C}.Release|iPhoneSimulator.Build.0 = Release|Any CPU
		{7AD18E4D-BC98-4411-B8C0-CEDA266C3B3C}.Release|iPhoneSimulator.Deploy.0 = Release|Any CPU
		{7AD18E4D-BC98-4411-B8C0-CEDA266C3B3C}.Release|x64.ActiveCfg = Release|x64
		{7AD18E4D-BC98-4411-B8C0-CEDA266C3B3C}.Release|x64.Build.0 = Release|x64
		{7AD18E4D-BC98-4411-B8C0-CEDA266C3B3C}.Release|x64.Deploy.0 = Release|x64
		{7AD18E4D-BC98-4411-B8C0-CEDA266C3B3C}.Release|x86.ActiveCfg = Release|x86
		{7AD18E4D-BC98-4411-B8C0-CEDA266C3B3C}.Release|x86.Build.0 = Release|x86
		{7AD18E4D-BC98-4411-B8C0-CEDA266C3B3C}.Release|x86.Deploy.0 = Release|x86
	EndGlobalSection
	GlobalSection(SolutionProperties) = preSolution
		HideSolutionNode = FALSE
	EndGlobalSection
EndGlobal
